
Microsoft Visual Studio Solution File, Format Version 12.00
# Visual Studio Version 17
VisualStudioVersion = 17.11.35312.102
MinimumVisualStudioVersion = 10.0.40219.1
Project("{FAE04EC0-301F-11D3-BF4B-00C04F79EFBC}") = "MastersMVC", "MastersMVC\MastersMVC.csproj", "{827B16C7-78A9-4640-A973-2DE99DC33443}"
EndProject
Global
	GlobalSection(SolutionConfigurationPlatforms) = preSolution
		Debug|Any CPU = Debug|Any CPU
		Release|Any CPU = Release|Any CPU
	EndGlobalSection
	GlobalSection(ProjectConfigurationPlatforms) = postSolution
		{827B16C7-78A9-4640-A973-2DE99DC33443}.Debug|Any CPU.ActiveCfg = Debug|Any CPU
		{827B16C7-78A9-4640-A973-2DE99DC33443}.Debug|Any CPU.Build.0 = Debug|Any CPU
		{827B16C7-78A9-4640-A973-2DE99DC33443}.Release|Any CPU.ActiveCfg = Release|Any CPU
		{827B16C7-78A9-4640-A973-2DE99DC33443}.Release|Any CPU.Build.0 = Release|Any CPU
	EndGlobalSection
	GlobalSection(SolutionProperties) = preSolution
		HideSolutionNode = FALSE
	EndGlobalSection
	GlobalSection(ExtensibilityGlobals) = postSolution
		SolutionGuid = {36256157-2492-49A6-A5E9-073C19ED5629}
	EndGlobalSection
EndGlobal
