
Microsoft Visual Studio Solution File, Format Version 12.00
# Visual Studio Version 17
VisualStudioVersion = 17.11.35312.102
MinimumVisualStudioVersion = 10.0.40219.1
Project("{FAE04EC0-301F-11D3-BF4B-00C04F79EFBC}") = "MyExecutableApp", "MyExecutableApp\MyExecutableApp.csproj", "{380DCD1B-1EE9-4BA4-BBA6-D4D5202D7C9B}"
EndProject
Project("{FAE04EC0-301F-11D3-BF4B-00C04F79EFBC}") = "Validator", "Validator\Validator.csproj", "{ECFB1DCA-F42D-4BA2-89D8-571649DBE781}"
EndProject
Global
	GlobalSection(SolutionConfigurationPlatforms) = preSolution
		Debug|Any CPU = Debug|Any CPU
		Release|Any CPU = Release|Any CPU
	EndGlobalSection
	GlobalSection(ProjectConfigurationPlatforms) = postSolution
		{380DCD1B-1EE9-4BA4-BBA6-D4D5202D7C9B}.Debug|Any CPU.ActiveCfg = Debug|Any CPU
		{380DCD1B-1EE9-4BA4-BBA6-D4D5202D7C9B}.Debug|Any CPU.Build.0 = Debug|Any CPU
		{380DCD1B-1EE9-4BA4-BBA6-D4D5202D7C9B}.Release|Any CPU.ActiveCfg = Release|Any CPU
		{380DCD1B-1EE9-4BA4-BBA6-D4D5202D7C9B}.Release|Any CPU.Build.0 = Release|Any CPU
		{ECFB1DCA-F42D-4BA2-89D8-571649DBE781}.Debug|Any CPU.ActiveCfg = Debug|Any CPU
		{ECFB1DCA-F42D-4BA2-89D8-571649DBE781}.Debug|Any CPU.Build.0 = Debug|Any CPU
		{ECFB1DCA-F42D-4BA2-89D8-571649DBE781}.Release|Any CPU.ActiveCfg = Release|Any CPU
		{ECFB1DCA-F42D-4BA2-89D8-571649DBE781}.Release|Any CPU.Build.0 = Release|Any CPU
	EndGlobalSection
	GlobalSection(SolutionProperties) = preSolution
		HideSolutionNode = FALSE
	EndGlobalSection
	GlobalSection(ExtensibilityGlobals) = postSolution
		SolutionGuid = {1E46888C-AFCA-4B3B-8511-B9B566FA4DB2}
	EndGlobalSection
EndGlobal
