
Microsoft Visual Studio Solution File, Format Version 12.00
# Visual Studio Version 17
VisualStudioVersion = 17.11.35312.102
MinimumVisualStudioVersion = 10.0.40219.1
Project("{FAE04EC0-301F-11D3-BF4B-00C04F79EFBC}") = "PurpleBuzzMVC", "PurpleBuzzMVC\PurpleBuzzMVC.csproj", "{D68E9ABE-FC6A-45B0-8143-51A6BDFE105F}"
EndProject
Global
	GlobalSection(SolutionConfigurationPlatforms) = preSolution
		Debug|Any CPU = Debug|Any CPU
		Release|Any CPU = Release|Any CPU
	EndGlobalSection
	GlobalSection(ProjectConfigurationPlatforms) = postSolution
		{D68E9ABE-FC6A-45B0-8143-51A6BDFE105F}.Debug|Any CPU.ActiveCfg = Debug|Any CPU
		{D68E9ABE-FC6A-45B0-8143-51A6BDFE105F}.Debug|Any CPU.Build.0 = Debug|Any CPU
		{D68E9ABE-FC6A-45B0-8143-51A6BDFE105F}.Release|Any CPU.ActiveCfg = Release|Any CPU
		{D68E9ABE-FC6A-45B0-8143-51A6BDFE105F}.Release|Any CPU.Build.0 = Release|Any CPU
	EndGlobalSection
	GlobalSection(SolutionProperties) = preSolution
		HideSolutionNode = FALSE
	EndGlobalSection
	GlobalSection(ExtensibilityGlobals) = postSolution
		SolutionGuid = {48E856E5-F390-4DAA-8594-3EA9156CE9BA}
	EndGlobalSection
EndGlobal
